Microsoft Visual Studio Solution File, Format Version 11.00
# Visual Studio 2010
Project("{8BC9CEB8-8B4A-11D0-8D11-00A0C91BC942}") = "ogg", "ogg\ogg.vcxproj", "{FB88AAE3-85FB-3BA4-A555-153B8BB3DF5C}"
EndProject
Project("{8BC9CEB8-8B4A-11D0-8D11-00A0C91BC942}") = "vorbis", "vorbis\vorbis.vcxproj", "{2914DAA5-97B8-3A30-BBBB-202577BE03B1}"
EndProject
Project("{8BC9CEB8-8B4A-11D0-8D11-00A0C91BC942}") = "theora", "theora\theora.vcxproj", "{F9A9139F-F01B-32D0-AB9D-CED4FE8B1EFC}"
EndProject
Project("{8BC9CEB8-8B4A-11D0-8D11-00A0C91BC942}") = "theoraplayer", "theoraplayer\theoraplayer.vcxproj", "{8B2BEB05-FAEC-3A98-BABD-315E2C616479}"
EndProject
Project("{8BC9CEB8-8B4A-11D0-8D11-00A0C91BC942}") = "example", "gui_player\example.vcxproj", "{0237D5E5-2883-39A5-8FB5-2E9A64E19259}"
EndProject
Global
	GlobalSection(SolutionConfigurationPlatforms) = preSolution
		Debug|Win32 = Debug|Win32
		Release|Win32 = Release|Win32
	EndGlobalSection
	GlobalSection(ProjectConfigurationPlatforms) = postSolution
		{FB88AAE3-85FB-3BA4-A555-153B8BB3DF5C}.Debug|Win32.ActiveCfg = Debug|Win32
		{FB88AAE3-85FB-3BA4-A555-153B8BB3DF5C}.Debug|Win32.Build.0 = Debug|Win32
		{FB88AAE3-85FB-3BA4-A555-153B8BB3DF5C}.Release|Win32.ActiveCfg = Release|Win32
		{FB88AAE3-85FB-3BA4-A555-153B8BB3DF5C}.Release|Win32.Build.0 = Release|Win32
		{2914DAA5-97B8-3A30-BBBB-202577BE03B1}.Debug|Win32.ActiveCfg = Debug|Win32
		{2914DAA5-97B8-3A30-BBBB-202577BE03B1}.Debug|Win32.Build.0 = Debug|Win32
		{2914DAA5-97B8-3A30-BBBB-202577BE03B1}.Release|Win32.ActiveCfg = Release|Win32
		{2914DAA5-97B8-3A30-BBBB-202577BE03B1}.Release|Win32.Build.0 = Release|Win32
		{F9A9139F-F01B-32D0-AB9D-CED4FE8B1EFC}.Debug|Win32.ActiveCfg = Debug|Win32
		{F9A9139F-F01B-32D0-AB9D-CED4FE8B1EFC}.Debug|Win32.Build.0 = Debug|Win32
		{F9A9139F-F01B-32D0-AB9D-CED4FE8B1EFC}.Release|Win32.ActiveCfg = Release|Win32
		{F9A9139F-F01B-32D0-AB9D-CED4FE8B1EFC}.Release|Win32.Build.0 = Release|Win32
		{8B2BEB05-FAEC-3A98-BABD-315E2C616479}.Debug|Win32.ActiveCfg = Debug|Win32
		{8B2BEB05-FAEC-3A98-BABD-315E2C616479}.Debug|Win32.Build.0 = Debug|Win32
		{8B2BEB05-FAEC-3A98-BABD-315E2C616479}.Release|Win32.ActiveCfg = Release|Win32
		{8B2BEB05-FAEC-3A98-BABD-315E2C616479}.Release|Win32.Build.0 = Release|Win32
		{0237D5E5-2883-39A5-8FB5-2E9A64E19259}.Debug|Win32.ActiveCfg = Debug|Win32
		{0237D5E5-2883-39A5-8FB5-2E9A64E19259}.Debug|Win32.Build.0 = Debug|Win32
		{0237D5E5-2883-39A5-8FB5-2E9A64E19259}.Release|Win32.ActiveCfg = Release|Win32
		{0237D5E5-2883-39A5-8FB5-2E9A64E19259}.Release|Win32.Build.0 = Release|Win32
	EndGlobalSection
	GlobalSection(SolutionProperties) = preSolution
		HideSolutionNode = FALSE
	EndGlobalSection
	GlobalSection(ExtensibilityGlobals) = postSolution
		QtVersion = 4.8.4
	EndGlobalSection
EndGlobal
